# spovishun-skills.lock.yaml
# Auto-generated by `spovishun-skills install`. Do not edit manually.
# Commit this file to version control.

generatedAt: '2026-06-20T06:34:50.227Z'
pluginVersion: 1.11.1
target: claude
artifacts:
  - kind: agent
    id: code-architecture-reviewer
    version: 1.0.0
    checksum: sha256:4daa7f68bb05fb7799f945c4884e3a3f7e0993593319b9e93f7a98cb93d50d2a
  - kind: agent
    id: code-refactor-master
    version: 1.0.0
    checksum: sha256:2046cd7b791346d0d02d22df87cedbcafdfd31a34017d7f55e40be4a84ce2128
  - kind: agent
    id: database-reviewer
    version: 1.0.0
    checksum: sha256:fd54a84725c6b76a9c63c060b9ef40c406afd6f174a54231edf7be499a1ba98c
  - kind: agent
    id: doc-updater
    version: 1.0.0
    checksum: sha256:03ba0270811c50dc82b662b23f21b747ba96d644eac490c07139eed74592822e
  - kind: agent
    id: documentation-architect
    version: 1.0.0
    checksum: sha256:04f8fca494a0a925753d969062b262322d7ddf17c228abcb9a84c66bdfbd1d51
  - kind: agent
    id: kotlin-reviewer
    version: 1.0.0
    checksum: sha256:e99803d819c893e5c933f8714f4304655ada3fe67190d00fedf4a29e91125465
  - kind: agent
    id: plan-reviewer
    version: 1.0.0
    checksum: sha256:35a96c599ea250c078c3ebfc29203314d98144e554688fb822e77cbd30b8a58d
  - kind: agent
    id: refactor-planner
    version: 1.0.0
    checksum: sha256:eb68185f8c25a7294a6daaba4922e0547ebac94feccd972865d818ee2a432549
  - kind: agent
    id: web-research-specialist
    version: 1.0.0
    checksum: sha256:734e59b2804503ce8e604a40ec5da3e3d69c496fafc2bbe8a5857530718d5ad4
  - kind: skill
    id: architecture-designer
    version: 1.1.0
    checksum: sha256:13f50abd8c6ef1f07694a1225e717cca418811ff4e145d1c50d26396fed95684
  - kind: skill
    id: changelog-generator
    version: 1.0.0
    checksum: sha256:b5c7f58248f0d0f5e6f7c92b8c48b2d34fb3ba820a0d35831e0af4eb8a4ff5e1
  - kind: skill
    id: ci-cd-pipeline-builder
    version: 1.0.0
    checksum: sha256:b4e4c8e51a8d698e175b45e44640c56475671658b6a13acd2f7288d76b58f635
  - kind: skill
    id: code-reviewer
    version: 1.1.0
    checksum: sha256:82a6cdc49090a4a25f9baae486bd6f38bac3db61bc1fac3383d842eff73c4f51
  - kind: skill
    id: commit
    version: 1.0.0
    checksum: sha256:cd0a85c57ef6b85d6d6e724244028694afb13fc53ab9ead34a72b8c924d50b81
  - kind: skill
    id: database-optimizer
    version: 1.1.0
    checksum: sha256:c062745cb0f58250804d66620bd663e280d688403751f3b108872729d0db5367
  - kind: skill
    id: debugging-wizard
    version: 1.1.0
    checksum: sha256:68058b1a7e8abf1bc9a944f1876e24de858a2658f070531ed032ddf2b43c8771
  - kind: skill
    id: dependency-injection-architecture
    version: 1.1.0
    checksum: sha256:f7de3d62b39d9cd60b3ef71e7e4862610dcc24f26b1d237b5dda195145fd467d
  - kind: skill
    id: discover-patterns
    version: 1.0.0
    checksum: sha256:4501784c3043ef0af0ae399aaad80e83a2c17a4f78f3a8ab038d8fa4f01c73f6
  - kind: skill
    id: docker-deployment
    version: 1.0.0
    checksum: sha256:e21ba6b81a48993807864f335a4c4f6c8d0e628a9d3c08846651ce410684b09d
  - kind: skill
    id: finish-task
    version: 1.0.0
    checksum: sha256:81622b3a485a9af657305529e4b3ccc72a672bd2c5023a6fc9ce32f3e688e79f
  - kind: skill
    id: git-workflow-pr-writing
    version: 1.0.0
    checksum: sha256:e73c0c1051b34918e68475673a155690426895d2bdbbe721c7c21e71c7402b31
  - kind: skill
    id: grill-me
    version: 1.0.0
    checksum: sha256:95ee83113c80c4aa0efbc203c03b1c19b687b5ad6935167e24d87a7b0ec9cd1f
  - kind: skill
    id: idea-brainstormer
    version: 1.0.0
    checksum: sha256:8424f7b89084803da3795fa1c414bfdf8be9d4499367916aeadfa8ff6a2f7f14
  - kind: skill
    id: kotlin-specialist
    version: 2.1.0
    checksum: sha256:3756f2874e1e7d63f1bfbb09f99db682c9c0f2fe7d196033a526492fcce465a0
  - kind: skill
    id: newepic
    version: 1.0.2
    checksum: sha256:a83ad7dd4f5209a51c8b9512e44a15a9114e855aae5926ddb1a7d3c71bb76175
  - kind: skill
    id: newtask
    version: 1.1.0
    checksum: sha256:cabd0f4ba67d28971d53bf7f75d1f881012261f4809ac071eb2d47f8b649e7f2
  - kind: skill
    id: notion-content-reader
    version: 1.0.1
    checksum: sha256:aa6cce5f971495f95a45c3a8703e85ff2b4a873240122be5ca1f3b1fa9f38eb2
  - kind: skill
    id: notion-data-migrator
    version: 1.0.0
    checksum: sha256:ce901905ad9cfb214e9e4a7342643b4c26c12af8b22e52e83c6c45cf8cc8dd7c
  - kind: skill
    id: notion-database-manager
    version: 1.0.0
    checksum: sha256:fcce070828031cbd9c618325c1d9427c001d3d893420892d2a810e35af96fa5b
  - kind: skill
    id: notion-navigator
    version: 1.0.1
    checksum: sha256:03ed7fa55504b9fbcda2a9d328dd5ded9c91bde69b2c483b53e4096ac3c00df6
  - kind: skill
    id: notion-page-builder
    version: 1.0.0
    checksum: sha256:7c53f01d8a60c1f0f6ac07fd4cbefe926dfbeb1f8d2a1bc6df6a6ebd16fea3cf
  - kind: skill
    id: notion-spovishun-task-manager
    version: 1.2.0
    checksum: sha256:28242ab284685e483ac0e1c0de7df7389ded3231a837a4bb92ef6b34f6426e86
  - kind: skill
    id: notion-task-board-manager
    version: 1.0.1
    checksum: sha256:591fdaa8edff90af401530ea80a401019fd65ba99c120642724978ea60720c81
  - kind: skill
    id: notion-task-to-code
    version: 1.1.0
    checksum: sha256:887464930575228d3f52555df3d66508e273d8bb10d26623ed0cd92eec7da243
  - kind: skill
    id: notion-workflow-spovishun
    version: 1.0.2
    checksum: sha256:079066fb8243609fcc12afacc41a262093c5e27fcfdfd79225c429ac71a80536
  - kind: skill
    id: notion-workspace-organizer
    version: 1.0.0
    checksum: sha256:45738355c6b9b21d219cdd0044e6b6e8ae2d0f71f435bea81258fe7224ba750b
  - kind: skill
    id: postgresql-exposed-orm
    version: 1.0.0
    checksum: sha256:f9d387c51572eae4de6e1106ce79206069add39a2f7ebfbaa0aadf687d9fc023
  - kind: skill
    id: reflect
    version: 1.0.0
    checksum: sha256:c27a6965d86e799b8b330267b82f0874f543a0a9e5dc916951dfd776eb3be94a
  - kind: skill
    id: skill-security-auditor
    version: 1.0.0
    checksum: sha256:b643cd179532c3b1a92f64192596f11a675f5825e5248c7d80baa947b730cf74
  - kind: skill
    id: solution-designer
    version: 1.0.0
    checksum: sha256:5371a4fa497a458ad3effe57c6fdaca68aebd59cc4cbb556a0d8309f51e23252
  - kind: skill
    id: task-decomposer
    version: 1.1.0
    checksum: sha256:843adff4a24bf7b9e261b642acdef820ee8d482756a14e099dfa55a7fb7056d2
  - kind: skill
    id: technical-documentation-writer
    version: 1.1.0
    checksum: sha256:569b3682abd9a054e2d1e143eedfe27837540ab0b0f4fedf354bbdfcf245548a
  - kind: skill
    id: telegram-bot-development
    version: 1.0.0
    checksum: sha256:b3e830c0e657724a3c238b351d01ddf93a1da2c9a4af6461cd48e7eb698261b2
  - kind: skill
    id: unit-testing-kotlin
    version: 1.0.0
    checksum: sha256:ff452984d969de2d117fed95107ed651981d574a860dddbfafaff03c81ff7de7
  - kind: skill
    id: update-doc-full
    version: 1.0.0
    checksum: sha256:c381907428c998848787fbc2f47bf5f8aa70ba545721fbfed5a0a3369c6ffc45
  - kind: skill
    id: write-a-skill
    version: 1.0.0
    checksum: sha256:1c765676a0b803ab108143ef29d4025ce73cd501cdb89ca6dbee4b963beb4cb8
  - kind: template
    id: epic-page
    version: 1.0.0
    checksum: sha256:222fc21249173428a0b82b67901150145fcf46649bffc0ec624e8f65f90f8f76
  - kind: template
    id: task-to-code-prompt
    version: 1.0.0
    checksum: sha256:8c1ab07361fa6f7aed7fe91cbf32e4fad87495821c6aeadad611aa015befee14
